PODS:
  - DoraemonKits/Core (3.1.4):
    - FLEX
  - FLEX (5.22.10)

DEPENDENCIES:
  - DoraemonKits/Core (from `..`)

SPEC REPOS:
  trunk:
    - FLEX

EXTERNAL SOURCES:
  DoraemonKits:
    :path: ".."

SPEC CHECKSUMS:
  DoraemonKits: 9a9c96a154d47c858b08e74ab7c5598175ab1310
  FLEX: f21ee4f498eed3f8a1eded66b21939fd3b7a22ce

PODFILE CHECKSUM: a8da0c8172c0e34065c7e37c228042a482617af2

COCOAPODS: 1.11.3
